
Microsoft Visual Studio Solution File, Format Version 12.00
# Visual Studio Version 17
VisualStudioVersion = 17.9.34701.34
MinimumVisualStudioVersion = 10.0.40219.1
Project("{FAE04EC0-301F-11D3-BF4B-00C04F79EFBC}") = "ContentCleaner", "ContentCleaner.csproj", "{DF3FD727-D6A6-4408-B3C7-418A616FDEF8}"
EndProject
Project("{FAE04EC0-301F-11D3-BF4B-00C04F79EFBC}") = "ContentCleaner.Web", "..\..\samples\ContentCleaner.Web\ContentCleaner.Web.csproj", "{9560C548-EA4B-42C4-8E4E-92540056E62B}"
EndProject
Global
	GlobalSection(SolutionConfigurationPlatforms) = preSolution
		Debug|Any CPU = Debug|Any CPU
		Release|Any CPU = Release|Any CPU
	EndGlobalSection
	GlobalSection(ProjectConfigurationPlatforms) = postSolution
		{DF3FD727-D6A6-4408-B3C7-418A616FDEF8}.Debug|Any CPU.ActiveCfg = Debug|Any CPU
		{DF3FD727-D6A6-4408-B3C7-418A616FDEF8}.Debug|Any CPU.Build.0 = Debug|Any CPU
		{DF3FD727-D6A6-4408-B3C7-418A616FDEF8}.Release|Any CPU.ActiveCfg = Release|Any CPU
		{DF3FD727-D6A6-4408-B3C7-418A616FDEF8}.Release|Any CPU.Build.0 = Release|Any CPU
		{9560C548-EA4B-42C4-8E4E-92540056E62B}.Debug|Any CPU.ActiveCfg = Debug|Any CPU
		{9560C548-EA4B-42C4-8E4E-92540056E62B}.Debug|Any CPU.Build.0 = Debug|Any CPU
		{9560C548-EA4B-42C4-8E4E-92540056E62B}.Release|Any CPU.ActiveCfg = Release|Any CPU
		{9560C548-EA4B-42C4-8E4E-92540056E62B}.Release|Any CPU.Build.0 = Release|Any CPU
	EndGlobalSection
	GlobalSection(SolutionProperties) = preSolution
		HideSolutionNode = FALSE
	EndGlobalSection
	GlobalSection(ExtensibilityGlobals) = postSolution
		SolutionGuid = {8962A70D-152B-48F0-B2FD-814A485AA90B}
	EndGlobalSection
EndGlobal
